
Microsoft Visual Studio Solution File, Format Version 12.00
# Visual Studio Version 16
VisualStudioVersion = 16.0.29409.12
MinimumVisualStudioVersion = 10.0.40219.1
Project("{FAE04EC0-301F-11D3-BF4B-00C04F79EFBC}") = "operacion", "operacion.csproj", "{589E6647-4DFE-4904-AD4F-6A09B961DBB6}"
EndProject
Global
	GlobalSection(SolutionConfigurationPlatforms) = preSolution
		Debug|Any CPU = Debug|Any CPU
		Release|Any CPU = Release|Any CPU
	EndGlobalSection
	GlobalSection(ProjectConfigurationPlatforms) = postSolution
		{589E6647-4DFE-4904-AD4F-6A09B961DBB6}.Debug|Any CPU.ActiveCfg = Debug|Any CPU
		{589E6647-4DFE-4904-AD4F-6A09B961DBB6}.Debug|Any CPU.Build.0 = Debug|Any CPU
		{589E6647-4DFE-4904-AD4F-6A09B961DBB6}.Release|Any CPU.ActiveCfg = Release|Any CPU
		{589E6647-4DFE-4904-AD4F-6A09B961DBB6}.Release|Any CPU.Build.0 = Release|Any CPU
	EndGlobalSection
	GlobalSection(SolutionProperties) = preSolution
		HideSolutionNode = FALSE
	EndGlobalSection
	GlobalSection(ExtensibilityGlobals) = postSolution
		SolutionGuid = {28F9723B-F740-4D9B-A739-02022780E572}
	EndGlobalSection
EndGlobal
